
Microsoft Visual Studio Solution File, Format Version 12.00
# Visual Studio 2012
Project("{FAE04EC0-301F-11D3-BF4B-00C04F79EFBC}") = "Contacts", "Contacts.csproj", "{B31D6E32-1593-42F9-97CB-D06E356A35AF}"
EndProject
Project("{FAE04EC0-301F-11D3-BF4B-00C04F79EFBC}") = "Contacts.iOS", "iOS\Contacts.iOS.csproj", "{1178199B-63E9-44AB-BCBB-C402DA0B2432}"
EndProject
Project("{FAE04EC0-301F-11D3-BF4B-00C04F79EFBC}") = "Contacts.Droid", "Droid\Contacts.Droid.csproj", "{3EDB2EE2-A37E-4E27-B555-623DAE83F589}"
EndProject
Global
	GlobalSection(SolutionConfigurationPlatforms) = preSolution
		Debug|Any CPU = Debug|Any CPU
		Release|Any CPU = Release|Any CPU
		Debug|iPhoneSimulator = Debug|iPhoneSimulator
		Release|iPhone = Release|iPhone
		Release|iPhoneSimulator = Release|iPhoneSimulator
		Debug|iPhone = Debug|iPhone
	EndGlobalSection
	GlobalSection(ProjectConfigurationPlatforms) = postSolution
		{B31D6E32-1593-42F9-97CB-D06E356A35AF}.Debug|Any CPU.ActiveCfg = Debug|Any CPU
		{B31D6E32-1593-42F9-97CB-D06E356A35AF}.Debug|Any CPU.Build.0 = Debug|Any CPU
		{B31D6E32-1593-42F9-97CB-D06E356A35AF}.Release|Any CPU.ActiveCfg = Release|Any CPU
		{B31D6E32-1593-42F9-97CB-D06E356A35AF}.Release|Any CPU.Build.0 = Release|Any CPU
		{B31D6E32-1593-42F9-97CB-D06E356A35AF}.Debug|iPhoneSimulator.ActiveCfg = Debug|Any CPU
		{B31D6E32-1593-42F9-97CB-D06E356A35AF}.Debug|iPhoneSimulator.Build.0 = Debug|Any CPU
		{B31D6E32-1593-42F9-97CB-D06E356A35AF}.Release|iPhone.ActiveCfg = Release|Any CPU
		{B31D6E32-1593-42F9-97CB-D06E356A35AF}.Release|iPhone.Build.0 = Release|Any CPU
		{B31D6E32-1593-42F9-97CB-D06E356A35AF}.Release|iPhoneSimulator.ActiveCfg = Release|Any CPU
		{B31D6E32-1593-42F9-97CB-D06E356A35AF}.Release|iPhoneSimulator.Build.0 = Release|Any CPU
		{B31D6E32-1593-42F9-97CB-D06E356A35AF}.Debug|iPhone.ActiveCfg = Debug|Any CPU
		{B31D6E32-1593-42F9-97CB-D06E356A35AF}.Debug|iPhone.Build.0 = Debug|Any CPU
		{1178199B-63E9-44AB-BCBB-C402DA0B2432}.Debug|Any CPU.ActiveCfg = Debug|iPhoneSimulator
		{1178199B-63E9-44AB-BCBB-C402DA0B2432}.Debug|Any CPU.Build.0 = Debug|iPhoneSimulator
		{1178199B-63E9-44AB-BCBB-C402DA0B2432}.Release|Any CPU.ActiveCfg = Release|iPhone
		{1178199B-63E9-44AB-BCBB-C402DA0B2432}.Release|Any CPU.Build.0 = Release|iPhone
		{1178199B-63E9-44AB-BCBB-C402DA0B2432}.Debug|iPhoneSimulator.ActiveCfg = Debug|iPhoneSimulator
		{1178199B-63E9-44AB-BCBB-C402DA0B2432}.Debug|iPhoneSimulator.Build.0 = Debug|iPhoneSimulator
		{1178199B-63E9-44AB-BCBB-C402DA0B2432}.Release|iPhone.ActiveCfg = Release|iPhone
		{1178199B-63E9-44AB-BCBB-C402DA0B2432}.Release|iPhone.Build.0 = Release|iPhone
		{1178199B-63E9-44AB-BCBB-C402DA0B2432}.Release|iPhoneSimulator.ActiveCfg = Release|iPhoneSimulator
		{1178199B-63E9-44AB-BCBB-C402DA0B2432}.Release|iPhoneSimulator.Build.0 = Release|iPhoneSimulator
		{1178199B-63E9-44AB-BCBB-C402DA0B2432}.Debug|iPhone.ActiveCfg = Debug|iPhone
		{1178199B-63E9-44AB-BCBB-C402DA0B2432}.Debug|iPhone.Build.0 = Debug|iPhone
		{3EDB2EE2-A37E-4E27-B555-623DAE83F589}.Debug|Any CPU.ActiveCfg = Debug|Any CPU
		{3EDB2EE2-A37E-4E27-B555-623DAE83F589}.Debug|Any CPU.Build.0 = Debug|Any CPU
		{3EDB2EE2-A37E-4E27-B555-623DAE83F589}.Release|Any CPU.ActiveCfg = Release|Any CPU
		{3EDB2EE2-A37E-4E27-B555-623DAE83F589}.Release|Any CPU.Build.0 = Release|Any CPU
		{3EDB2EE2-A37E-4E27-B555-623DAE83F589}.Debug|iPhoneSimulator.ActiveCfg = Debug|Any CPU
		{3EDB2EE2-A37E-4E27-B555-623DAE83F589}.Debug|iPhoneSimulator.Build.0 = Debug|Any CPU
		{3EDB2EE2-A37E-4E27-B555-623DAE83F589}.Release|iPhone.ActiveCfg = Release|Any CPU
		{3EDB2EE2-A37E-4E27-B555-623DAE83F589}.Release|iPhone.Build.0 = Release|Any CPU
		{3EDB2EE2-A37E-4E27-B555-623DAE83F589}.Release|iPhoneSimulator.ActiveCfg = Release|Any CPU
		{3EDB2EE2-A37E-4E27-B555-623DAE83F589}.Release|iPhoneSimulator.Build.0 = Release|Any CPU
		{3EDB2EE2-A37E-4E27-B555-623DAE83F589}.Debug|iPhone.ActiveCfg = Debug|Any CPU
		{3EDB2EE2-A37E-4E27-B555-623DAE83F589}.Debug|iPhone.Build.0 = Debug|Any CPU
	EndGlobalSection
EndGlobal
